{
  "version": 1,
  "dependencies": {
    "net10.0-windows7.0": {
      "CommunityToolkit.Mvvm": {
        "type": "Direct",
        "requested": "[8.4.2, )",
        "resolved": "8.4.2",
        "contentHash": "WadCzGEc2U+3e20avRLng4qNtt4zoOGWrdUISqJWrHe3/FSnrYjuM5Sb4yQb09LhkBXrrI4Zt3dLKgRMbItsrg=="
      },
      "Microsoft.Web.WebView2": {
        "type": "Direct",
        "requested": "[1.0.4129.50, )",
        "resolved": "1.0.4129.50",
        "contentHash": "BuJC70c7SCl8wlvojLZbc/E5ONmGyG3fhAMmpftCpKerxae//TxgKOTELRK2QRD7m7jigNFQRf6cfVT3ZiIQoQ=="
      },
      "Google.OrTools": {
        "type": "Transitive",
        "resolved": "9.15.6755",
        "contentHash": "sbPJ7CUwJb3ppbjASJVfdHC0+a7LTTMX1v8J5nERYdcLKkFUZSM3MB/Ck13VsmuWeP0LuE3C4U3WLHH49LHRMQ==",
        "dependencies": {
          "Google.OrTools.runtime.linux-arm64": "9.15.6755",
          "Google.OrTools.runtime.linux-x64": "9.15.6755",
          "Google.OrTools.runtime.osx-arm64": "9.15.6755",
          "Google.OrTools.runtime.osx-x64": "9.15.6755",
          "Google.OrTools.runtime.win-x64": "9.15.6755",
          "Google.Protobuf": "3.33.1"
        }
      },
      "Google.OrTools.runtime.linux-arm64": {
        "type": "Transitive",
        "resolved": "9.15.6755",
        "contentHash": "7YaKuI4q1uU9ibelXXawY7zx/5hQ1vMBKLFFK6kQRgO082wMlHx6NmfMaTFZA94b4D4xbFaA7TGAehoEbWciEg=="
      },
      "Google.OrTools.runtime.linux-x64": {
        "type": "Transitive",
        "resolved": "9.15.6755",
        "contentHash": "RupvZKKPXdUCWXdGFo8COXcp4YiQIjS5Bhlh9bVRWZqB1RjtVGQFscEwtN6wTZEjUjb49sE0lNo784W/LjQFHg=="
      },
      "Google.OrTools.runtime.osx-arm64": {
        "type": "Transitive",
        "resolved": "9.15.6755",
        "contentHash": "WJw1KPoOi3BWmf6sqCMi8kDmjifuA6Bw/UC6He7jnHRFIixtLZ1wCSIiG4droej7HQI1PiNVTRb82udw9ilS7g=="
      },
      "Google.OrTools.runtime.osx-x64": {
        "type": "Transitive",
        "resolved": "9.15.6755",
        "contentHash": "f0oTHbcoM2hBRyUVWvIR8cH2m5CibAZezK3mrPXNmoXKDjgoJhmheeovgajXu6/ax1RW7529m8yS6eHkmaZCOA=="
      },
      "Google.OrTools.runtime.win-x64": {
        "type": "Transitive",
        "resolved": "9.15.6755",
        "contentHash": "Tox7pDhrVIfG7OdV7ISikiO5coioZ0FgtyK/H8cayzito4r512Oly/yi19TXjuqK8pKHD6BJOR0fY0aEkb3Nuw=="
      },
      "Google.Protobuf": {
        "type": "Transitive",
        "resolved": "3.33.1",
        "contentHash": "RztiFmX9aOWDwfhxFzx/nS4fjs4DX7ZC7/XBEBl56k15lPGBftvbSwZkeo1mMCJHrNp1kK5iQYrFXB4MqCmBCA=="
      },
      "Microsoft.Data.Sqlite.Core": {
        "type": "Transitive",
        "resolved": "10.0.11",
        "contentHash": "hubA20AGenQ4Sx0ElWaPpB8DISjXpdx463+1zOGRslsT0e/t/06ITv+pHsop8CcJ0d8PZLfgnT7juCDVD79Dkw==",
        "dependencies": {
          "SQLitePCLRaw.core": "2.1.12"
        }
      },
      "SQLitePCLRaw.core": {
        "type": "Transitive",
        "resolved": "3.0.5",
        "contentHash": "k81AYXXRCw3Zj8rOhyBoCsx/U97KYDFI2CSKr/ijl5BwpsW/hX/4kBiDmerFaoust8nxBwa0IHQFw8MmSHRtnQ=="
      },
      "SQLitePCLRaw.provider.winsqlite3": {
        "type": "Transitive",
        "resolved": "3.0.5",
        "contentHash": "V1Z/MmQMA8D0yCRnWEndX5x8TB5bh/W6m2aCgcamOAYEHkBISZApm5dUQh1A/7Z/fyrtr65kln+yh6vo+vKVkQ==",
        "dependencies": {
          "SQLitePCLRaw.core": "3.0.5"
        }
      },
      "colonyoptimizer.core": {
        "type": "Project"
      },
      "colonyoptimizer.gamedata": {
        "type": "Project",
        "dependencies": {
          "ColonyOptimizer.Core": "[1.0.3, )",
          "Microsoft.Data.Sqlite.Core": "[10.0.11, )",
          "SQLitePCLRaw.provider.winsqlite3": "[3.0.5, )"
        }
      },
      "colonyoptimizer.optimization": {
        "type": "Project",
        "dependencies": {
          "ColonyOptimizer.Core": "[1.0.3, )",
          "Google.OrTools": "[9.15.6755, )"
        }
      }
    },
    "net10.0-windows7.0/win-x64": {
      "Microsoft.Web.WebView2": {
        "type": "Direct",
        "requested": "[1.0.4129.50, )",
        "resolved": "1.0.4129.50",
        "contentHash": "BuJC70c7SCl8wlvojLZbc/E5ONmGyG3fhAMmpftCpKerxae//TxgKOTELRK2QRD7m7jigNFQRf6cfVT3ZiIQoQ=="
      },
      "Google.OrTools.runtime.linux-arm64": {
        "type": "Transitive",
        "resolved": "9.15.6755",
        "contentHash": "7YaKuI4q1uU9ibelXXawY7zx/5hQ1vMBKLFFK6kQRgO082wMlHx6NmfMaTFZA94b4D4xbFaA7TGAehoEbWciEg=="
      },
      "Google.OrTools.runtime.linux-x64": {
        "type": "Transitive",
        "resolved": "9.15.6755",
        "contentHash": "RupvZKKPXdUCWXdGFo8COXcp4YiQIjS5Bhlh9bVRWZqB1RjtVGQFscEwtN6wTZEjUjb49sE0lNo784W/LjQFHg=="
      },
      "Google.OrTools.runtime.osx-arm64": {
        "type": "Transitive",
        "resolved": "9.15.6755",
        "contentHash": "WJw1KPoOi3BWmf6sqCMi8kDmjifuA6Bw/UC6He7jnHRFIixtLZ1wCSIiG4droej7HQI1PiNVTRb82udw9ilS7g=="
      },
      "Google.OrTools.runtime.osx-x64": {
        "type": "Transitive",
        "resolved": "9.15.6755",
        "contentHash": "f0oTHbcoM2hBRyUVWvIR8cH2m5CibAZezK3mrPXNmoXKDjgoJhmheeovgajXu6/ax1RW7529m8yS6eHkmaZCOA=="
      },
      "Google.OrTools.runtime.win-x64": {
        "type": "Transitive",
        "resolved": "9.15.6755",
        "contentHash": "Tox7pDhrVIfG7OdV7ISikiO5coioZ0FgtyK/H8cayzito4r512Oly/yi19TXjuqK8pKHD6BJOR0fY0aEkb3Nuw=="
      }
    }
  }
}