{
  "version": 1,
  "dependencies": {
    "net10.0": {
      "Google.OrTools": {
        "type": "Direct",
        "requested": "[9.15.6755, )",
        "resolved": "9.15.6755",
        "contentHash": "sbPJ7CUwJb3ppbjASJVfdHC0+a7LTTMX1v8J5nERYdcLKkFUZSM3MB/Ck13VsmuWeP0LuE3C4U3WLHH49LHRMQ==",
        "dependencies": {
          "Google.OrTools.runtime.linux-arm64": "9.15.6755",
          "Google.OrTools.runtime.linux-x64": "9.15.6755",
          "Google.OrTools.runtime.osx-arm64": "9.15.6755",
          "Google.OrTools.runtime.osx-x64": "9.15.6755",
          "Google.OrTools.runtime.win-x64": "9.15.6755",
          "Google.Protobuf": "3.33.1"
        }
      },
      "Google.OrTools.runtime.linux-arm64": {
        "type": "Transitive",
        "resolved": "9.15.6755",
        "contentHash": "7YaKuI4q1uU9ibelXXawY7zx/5hQ1vMBKLFFK6kQRgO082wMlHx6NmfMaTFZA94b4D4xbFaA7TGAehoEbWciEg=="
      },
      "Google.OrTools.runtime.linux-x64": {
        "type": "Transitive",
        "resolved": "9.15.6755",
        "contentHash": "RupvZKKPXdUCWXdGFo8COXcp4YiQIjS5Bhlh9bVRWZqB1RjtVGQFscEwtN6wTZEjUjb49sE0lNo784W/LjQFHg=="
      },
      "Google.OrTools.runtime.osx-arm64": {
        "type": "Transitive",
        "resolved": "9.15.6755",
        "contentHash": "WJw1KPoOi3BWmf6sqCMi8kDmjifuA6Bw/UC6He7jnHRFIixtLZ1wCSIiG4droej7HQI1PiNVTRb82udw9ilS7g=="
      },
      "Google.OrTools.runtime.osx-x64": {
        "type": "Transitive",
        "resolved": "9.15.6755",
        "contentHash": "f0oTHbcoM2hBRyUVWvIR8cH2m5CibAZezK3mrPXNmoXKDjgoJhmheeovgajXu6/ax1RW7529m8yS6eHkmaZCOA=="
      },
      "Google.OrTools.runtime.win-x64": {
        "type": "Transitive",
        "resolved": "9.15.6755",
        "contentHash": "Tox7pDhrVIfG7OdV7ISikiO5coioZ0FgtyK/H8cayzito4r512Oly/yi19TXjuqK8pKHD6BJOR0fY0aEkb3Nuw=="
      },
      "Google.Protobuf": {
        "type": "Transitive",
        "resolved": "3.33.1",
        "contentHash": "RztiFmX9aOWDwfhxFzx/nS4fjs4DX7ZC7/XBEBl56k15lPGBftvbSwZkeo1mMCJHrNp1kK5iQYrFXB4MqCmBCA=="
      },
      "colonyoptimizer.core": {
        "type": "Project"
      }
    }
  }
}